
Microsoft Visual Studio Solution File, Format Version 12.00
Project("{FAE04EC0-301F-11D3-BF4B-00C04F79EFBC}") = "AsyncAwaitTea", "AsyncAwaitTea\AsyncAwaitTea.csproj", "{F1FC136A-FB49-43D9-83A3-3C6BEA246638}"
EndProject
Project("{FAE04EC0-301F-11D3-BF4B-00C04F79EFBC}") = "AsyncAwaitHttp", "AsyncAwaitHttp\AsyncAwaitHttp.csproj", "{FA9390A2-8D26-4C3B-A68B-9DD3E9507B72}"
EndProject
Global
	GlobalSection(SolutionConfigurationPlatforms) = preSolution
		Debug|Any CPU = Debug|Any CPU
		Release|Any CPU = Release|Any CPU
	EndGlobalSection
	GlobalSection(ProjectConfigurationPlatforms) = postSolution
		{F1FC136A-FB49-43D9-83A3-3C6BEA246638}.Debug|Any CPU.ActiveCfg = Debug|Any CPU
		{F1FC136A-FB49-43D9-83A3-3C6BEA246638}.Debug|Any CPU.Build.0 = Debug|Any CPU
		{F1FC136A-FB49-43D9-83A3-3C6BEA246638}.Release|Any CPU.ActiveCfg = Release|Any CPU
		{F1FC136A-FB49-43D9-83A3-3C6BEA246638}.Release|Any CPU.Build.0 = Release|Any CPU
		{FA9390A2-8D26-4C3B-A68B-9DD3E9507B72}.Debug|Any CPU.ActiveCfg = Debug|Any CPU
		{FA9390A2-8D26-4C3B-A68B-9DD3E9507B72}.Debug|Any CPU.Build.0 = Debug|Any CPU
		{FA9390A2-8D26-4C3B-A68B-9DD3E9507B72}.Release|Any CPU.ActiveCfg = Release|Any CPU
		{FA9390A2-8D26-4C3B-A68B-9DD3E9507B72}.Release|Any CPU.Build.0 = Release|Any CPU
	EndGlobalSection
EndGlobal
